{
    "_readme": [
        "This file locks the dependencies of your project to a known state",
        "Read more about it at https://getcomposer.org/doc/01-basic-usage.md#installing-dependencies",
        "This file is @generated automatically"
    ],
    "content-hash": "318dc8ed801260b2052e65fd8b6e8f7c",
    "packages": [
        {
            "name": "duckdev/freemius-plugin-licensing",
            "version": "1.0.0-beta3",
            "source": {
                "type": "git",
                "url": "https://github.com/duckdev/freemius-plugin-licensing.git",
                "reference": "56d44338ba57e8892e1a48e39089971744d9f23f"
            },
            "dist": {
                "type": "zip",
                "url": "https://api.github.com/repos/duckdev/freemius-plugin-licensing/zipball/56d44338ba57e8892e1a48e39089971744d9f23f",
                "reference": "56d44338ba57e8892e1a48e39089971744d9f23f",
                "shasum": ""
            },
            "require": {
                "php": ">=7.4"
            },
            "type": "library",
            "autoload": {
                "classmap": [
                    "src/"
                ]
            },
            "notification-url": "https://packagist.org/downloads/",
            "license": [
                "GPL-2.0+"
            ],
            "authors": [
                {
                    "name": "Joel James",
                    "email": "me@joelsays.com",
                    "homepage": "https://duckdev.com",
                    "role": "Developer"
                }
            ],
            "description": "Lite version of the Freemius SDK for managing plugin licensing and updates using Freemius APIs, specifically developed for use with Duck Dev plugins.",
            "homepage": "https://github.com/duckdev/freemius-plugin-licensing",
            "keywords": [
                "freemius",
                "licensing",
                "plugins",
                "updates"
            ],
            "support": {
                "issues": "https://github.com/duckdev/freemius-plugin-licensing/issues",
                "source": "https://github.com/duckdev/freemius-plugin-licensing/tree/1.0.0-beta3"
            },
            "time": "2025-08-08T18:05:06+00:00"
        }
    ],
    "packages-dev": [],
    "aliases": [],
    "minimum-stability": "stable",
    "stability-flags": {
        "duckdev/freemius-plugin-licensing": 10
    },
    "prefer-stable": false,
    "prefer-lowest": false,
    "platform": {
        "php": ">=7.4"
    },
    "platform-dev": [],
    "platform-overrides": {
        "php": "7.4"
    },
    "plugin-api-version": "2.2.0"
}
